
Microsoft Visual Studio Solution File, Format Version 12.00
# Visual Studio 14
VisualStudioVersion = 14.0.24720.0
MinimumVisualStudioVersion = 10.0.40219.1
Project("{2150E333-8FDC-42A3-9474-1A3956D46DE8}") = "Game", "Game", "{92C21309-1E57-4965-A8EC-C4BE868DA1B6}"
EndProject
Project("{8BC9CEB8-8B4A-11D0-8D11-00A0C91BC942}") = "MyGame", "Code\Game\MyGame\MyGame.vcxproj", "{FA0FB4E2-DCCE-484C-9206-653823C8F8DA}"
	ProjectSection(ProjectDependencies) = postProject
		{C073AA3C-C800-4495-9F92-C622FF2EA5E1} = {C073AA3C-C800-4495-9F92-C622FF2EA5E1}
	EndProjectSection
EndProject
Project("{2150E333-8FDC-42A3-9474-1A3956D46DE8}") = "Engine", "Engine", "{4A442E18-2366-468E-ABC3-35DFA10ED6AF}"
EndProject
Project("{8BC9CEB8-8B4A-11D0-8D11-00A0C91BC942}") = "Asserts", "Code\Engine\Asserts\Asserts.vcxproj", "{43657592-EB97-4A5E-A727-A9D4D9EC8E4D}"
EndProject
Project("{8BC9CEB8-8B4A-11D0-8D11-00A0C91BC942}") = "Windows", "Code\Engine\Windows\Windows.vcxproj", "{D56A49FB-C803-4D7E-A037-7BFEF69CB329}"
	ProjectSection(ProjectDependencies) = postProject
		{43657592-EB97-4A5E-A727-A9D4D9EC8E4D} = {43657592-EB97-4A5E-A727-A9D4D9EC8E4D}
	EndProjectSection
EndProject
Project("{8BC9CEB8-8B4A-11D0-8D11-00A0C91BC942}") = "Platform", "Code\Engine\Platform\Platform.vcxproj", "{48792CEB-F23F-4184-BB44-29A206D8CD05}"
	ProjectSection(ProjectDependencies) = postProject
		{D56A49FB-C803-4D7E-A037-7BFEF69CB329} = {D56A49FB-C803-4D7E-A037-7BFEF69CB329}
	EndProjectSection
EndProject
Project("{8BC9CEB8-8B4A-11D0-8D11-00A0C91BC942}") = "Application", "Code\Engine\Application\Application.vcxproj", "{C073AA3C-C800-4495-9F92-C622FF2EA5E1}"
	ProjectSection(ProjectDependencies) = postProject
		{C4619626-CA66-4B6D-AF6B-AF66EF2563DD} = {C4619626-CA66-4B6D-AF6B-AF66EF2563DD}
		{A5095433-A0C7-4205-AD5B-82A5C09DE805} = {A5095433-A0C7-4205-AD5B-82A5C09DE805}
		{5E640B5D-294A-4795-BE3F-58076BD28B7B} = {5E640B5D-294A-4795-BE3F-58076BD28B7B}
		{43657592-EB97-4A5E-A727-A9D4D9EC8E4D} = {43657592-EB97-4A5E-A727-A9D4D9EC8E4D}
		{F9C71CA5-AE92-4EF9-A46F-35E3B662F6BC} = {F9C71CA5-AE92-4EF9-A46F-35E3B662F6BC}
		{73516EE2-C331-4AD4-AF38-A51397C94E06} = {73516EE2-C331-4AD4-AF38-A51397C94E06}
		{D56A49FB-C803-4D7E-A037-7BFEF69CB329} = {D56A49FB-C803-4D7E-A037-7BFEF69CB329}
	EndProjectSection
EndProject
Project("{8BC9CEB8-8B4A-11D0-8D11-00A0C91BC942}") = "Logging", "Code\Engine\Logging\Logging.vcxproj", "{5E640B5D-294A-4795-BE3F-58076BD28B7B}"
	ProjectSection(ProjectDependencies) = postProject
		{43657592-EB97-4A5E-A727-A9D4D9EC8E4D} = {43657592-EB97-4A5E-A727-A9D4D9EC8E4D}
	EndProjectSection
EndProject
Project("{8BC9CEB8-8B4A-11D0-8D11-00A0C91BC942}") = "UserOutput", "Code\Engine\UserOutput\UserOutput.vcxproj", "{A5095433-A0C7-4205-AD5B-82A5C09DE805}"
	ProjectSection(ProjectDependencies) = postProject
		{43657592-EB97-4A5E-A727-A9D4D9EC8E4D} = {43657592-EB97-4A5E-A727-A9D4D9EC8E4D}
	EndProjectSection
EndProject
Project("{8BC9CEB8-8B4A-11D0-8D11-00A0C91BC942}") = "UserSettings", "Code\Engine\UserSettings\UserSettings.vcxproj", "{73516EE2-C331-4AD4-AF38-A51397C94E06}"
	ProjectSection(ProjectDependencies) = postProject
		{AD5FF729-F2C5-4197-9CAF-17B6312BB369} = {AD5FF729-F2C5-4197-9CAF-17B6312BB369}
		{5E640B5D-294A-4795-BE3F-58076BD28B7B} = {5E640B5D-294A-4795-BE3F-58076BD28B7B}
		{43657592-EB97-4A5E-A727-A9D4D9EC8E4D} = {43657592-EB97-4A5E-A727-A9D4D9EC8E4D}
		{48792CEB-F23F-4184-BB44-29A206D8CD05} = {48792CEB-F23F-4184-BB44-29A206D8CD05}
	EndProjectSection
EndProject
Project("{2150E333-8FDC-42A3-9474-1A3956D46DE8}") = "Tools", "Tools", "{2158CF78-B9A0-4AA8-9501-CA7ED75D0673}"
EndProject
Project("{8BC9CEB8-8B4A-11D0-8D11-00A0C91BC942}") = "AssetBuildSystem", "Code\Tools\AssetBuildSystem\AssetBuildSystem.vcxproj", "{12CA8666-2127-476E-B536-CB51F8BB6FCE}"
	ProjectSection(ProjectDependencies) = postProject
		{AD5FF729-F2C5-4197-9CAF-17B6312BB369} = {AD5FF729-F2C5-4197-9CAF-17B6312BB369}
		{40789A6F-3BFC-454D-B73D-9C5DEBB37D24} = {40789A6F-3BFC-454D-B73D-9C5DEBB37D24}
		{43657592-EB97-4A5E-A727-A9D4D9EC8E4D} = {43657592-EB97-4A5E-A727-A9D4D9EC8E4D}
		{48792CEB-F23F-4184-BB44-29A206D8CD05} = {48792CEB-F23F-4184-BB44-29A206D8CD05}
	EndProjectSection
EndProject
Project("{8BC9CEB8-8B4A-11D0-8D11-00A0C91BC942}") = "AssetBuildLibrary", "Code\Tools\AssetBuildLibrary\AssetBuildLibrary.vcxproj", "{40789A6F-3BFC-454D-B73D-9C5DEBB37D24}"
EndProject
Project("{8BC9CEB8-8B4A-11D0-8D11-00A0C91BC942}") = "BuildAllAssets", "Code\Game\BuildAllAssets\BuildAllAssets.vcxproj", "{86E46A3C-608F-4DB3-B77B-B70A57B6A2E8}"
	ProjectSection(ProjectDependencies) = postProject
		{12CA8666-2127-476E-B536-CB51F8BB6FCE} = {12CA8666-2127-476E-B536-CB51F8BB6FCE}
	EndProjectSection
EndProject
Project("{2150E333-8FDC-42A3-9474-1A3956D46DE8}") = "External", "External", "{EE8DBE7D-1C1F-4B50-80BA-B01501A3BF1A}"
EndProject
Project("{8BC9CEB8-8B4A-11D0-8D11-00A0C91BC942}") = "OpenGlExtensions", "Code\External\OpenGlExtensions\OpenGlExtensions.vcxproj", "{821E505C-B13B-4EA2-8FA3-DDEE6D2D5B1D}"
	ProjectSection(ProjectDependencies) = postProject
		{43657592-EB97-4A5E-A727-A9D4D9EC8E4D} = {43657592-EB97-4A5E-A727-A9D4D9EC8E4D}
		{D56A49FB-C803-4D7E-A037-7BFEF69CB329} = {D56A49FB-C803-4D7E-A037-7BFEF69CB329}
	EndProjectSection
EndProject
Project("{8BC9CEB8-8B4A-11D0-8D11-00A0C91BC942}") = "Time", "Code\Engine\Time\Time.vcxproj", "{F9C71CA5-AE92-4EF9-A46F-35E3B662F6BC}"
	ProjectSection(ProjectDependencies) = postProject
		{5E640B5D-294A-4795-BE3F-58076BD28B7B} = {5E640B5D-294A-4795-BE3F-58076BD28B7B}
		{43657592-EB97-4A5E-A727-A9D4D9EC8E4D} = {43657592-EB97-4A5E-A727-A9D4D9EC8E4D}
		{D56A49FB-C803-4D7E-A037-7BFEF69CB329} = {D56A49FB-C803-4D7E-A037-7BFEF69CB329}
	EndProjectSection
EndProject
Project("{8BC9CEB8-8B4A-11D0-8D11-00A0C91BC942}") = "Graphics", "Code\Engine\Graphics\Graphics.vcxproj", "{C4619626-CA66-4B6D-AF6B-AF66EF2563DD}"
	ProjectSection(ProjectDependencies) = postProject
		{821E505C-B13B-4EA2-8FA3-DDEE6D2D5B1D} = {821E505C-B13B-4EA2-8FA3-DDEE6D2D5B1D}
		{5E640B5D-294A-4795-BE3F-58076BD28B7B} = {5E640B5D-294A-4795-BE3F-58076BD28B7B}
		{43657592-EB97-4A5E-A727-A9D4D9EC8E4D} = {43657592-EB97-4A5E-A727-A9D4D9EC8E4D}
		{F9C71CA5-AE92-4EF9-A46F-35E3B662F6BC} = {F9C71CA5-AE92-4EF9-A46F-35E3B662F6BC}
		{48792CEB-F23F-4184-BB44-29A206D8CD05} = {48792CEB-F23F-4184-BB44-29A206D8CD05}
		{D56A49FB-C803-4D7E-A037-7BFEF69CB329} = {D56A49FB-C803-4D7E-A037-7BFEF69CB329}
	EndProjectSection
EndProject
Project("{8BC9CEB8-8B4A-11D0-8D11-00A0C91BC942}") = "Lua", "Code\External\Lua\Lua.vcxproj", "{AD5FF729-F2C5-4197-9CAF-17B6312BB369}"
EndProject
Project("{8BC9CEB8-8B4A-11D0-8D11-00A0C91BC942}") = "LuaExe", "Code\External\Lua\LuaExe.vcxproj", "{D59FA2EB-8C38-473B-B762-DA5B05140E1D}"
	ProjectSection(ProjectDependencies) = postProject
		{AD5FF729-F2C5-4197-9CAF-17B6312BB369} = {AD5FF729-F2C5-4197-9CAF-17B6312BB369}
	EndProjectSection
EndProject
Global
	GlobalSection(SolutionConfigurationPlatforms) = preSolution
		Debug|x64 = Debug|x64
		Debug|x86 = Debug|x86
		Release|x64 = Release|x64
		Release|x86 = Release|x86
	EndGlobalSection
	GlobalSection(ProjectConfigurationPlatforms) = postSolution
		{FA0FB4E2-DCCE-484C-9206-653823C8F8DA}.Debug|x64.ActiveCfg = Debug|x64
		{FA0FB4E2-DCCE-484C-9206-653823C8F8DA}.Debug|x64.Build.0 = Debug|x64
		{FA0FB4E2-DCCE-484C-9206-653823C8F8DA}.Debug|x86.ActiveCfg = Debug|Win32
		{FA0FB4E2-DCCE-484C-9206-653823C8F8DA}.Debug|x86.Build.0 = Debug|Win32
		{FA0FB4E2-DCCE-484C-9206-653823C8F8DA}.Release|x64.ActiveCfg = Release|x64
		{FA0FB4E2-DCCE-484C-9206-653823C8F8DA}.Release|x64.Build.0 = Release|x64
		{FA0FB4E2-DCCE-484C-9206-653823C8F8DA}.Release|x86.ActiveCfg = Release|Win32
		{FA0FB4E2-DCCE-484C-9206-653823C8F8DA}.Release|x86.Build.0 = Release|Win32
		{43657592-EB97-4A5E-A727-A9D4D9EC8E4D}.Debug|x64.ActiveCfg = Debug|x64
		{43657592-EB97-4A5E-A727-A9D4D9EC8E4D}.Debug|x64.Build.0 = Debug|x64
		{43657592-EB97-4A5E-A727-A9D4D9EC8E4D}.Debug|x86.ActiveCfg = Debug|Win32
		{43657592-EB97-4A5E-A727-A9D4D9EC8E4D}.Debug|x86.Build.0 = Debug|Win32
		{43657592-EB97-4A5E-A727-A9D4D9EC8E4D}.Release|x64.ActiveCfg = Release|x64
		{43657592-EB97-4A5E-A727-A9D4D9EC8E4D}.Release|x64.Build.0 = Release|x64
		{43657592-EB97-4A5E-A727-A9D4D9EC8E4D}.Release|x86.ActiveCfg = Release|Win32
		{43657592-EB97-4A5E-A727-A9D4D9EC8E4D}.Release|x86.Build.0 = Release|Win32
		{D56A49FB-C803-4D7E-A037-7BFEF69CB329}.Debug|x64.ActiveCfg = Debug|x64
		{D56A49FB-C803-4D7E-A037-7BFEF69CB329}.Debug|x64.Build.0 = Debug|x64
		{D56A49FB-C803-4D7E-A037-7BFEF69CB329}.Debug|x86.ActiveCfg = Debug|Win32
		{D56A49FB-C803-4D7E-A037-7BFEF69CB329}.Debug|x86.Build.0 = Debug|Win32
		{D56A49FB-C803-4D7E-A037-7BFEF69CB329}.Release|x64.ActiveCfg = Release|x64
		{D56A49FB-C803-4D7E-A037-7BFEF69CB329}.Release|x64.Build.0 = Release|x64
		{D56A49FB-C803-4D7E-A037-7BFEF69CB329}.Release|x86.ActiveCfg = Release|Win32
		{D56A49FB-C803-4D7E-A037-7BFEF69CB329}.Release|x86.Build.0 = Release|Win32
		{48792CEB-F23F-4184-BB44-29A206D8CD05}.Debug|x64.ActiveCfg = Debug|x64
		{48792CEB-F23F-4184-BB44-29A206D8CD05}.Debug|x64.Build.0 = Debug|x64
		{48792CEB-F23F-4184-BB44-29A206D8CD05}.Debug|x86.ActiveCfg = Debug|Win32
		{48792CEB-F23F-4184-BB44-29A206D8CD05}.Debug|x86.Build.0 = Debug|Win32
		{48792CEB-F23F-4184-BB44-29A206D8CD05}.Release|x64.ActiveCfg = Release|x64
		{48792CEB-F23F-4184-BB44-29A206D8CD05}.Release|x64.Build.0 = Release|x64
		{48792CEB-F23F-4184-BB44-29A206D8CD05}.Release|x86.ActiveCfg = Release|Win32
		{48792CEB-F23F-4184-BB44-29A206D8CD05}.Release|x86.Build.0 = Release|Win32
		{C073AA3C-C800-4495-9F92-C622FF2EA5E1}.Debug|x64.ActiveCfg = Debug|x64
		{C073AA3C-C800-4495-9F92-C622FF2EA5E1}.Debug|x64.Build.0 = Debug|x64
		{C073AA3C-C800-4495-9F92-C622FF2EA5E1}.Debug|x86.ActiveCfg = Debug|Win32
		{C073AA3C-C800-4495-9F92-C622FF2EA5E1}.Debug|x86.Build.0 = Debug|Win32
		{C073AA3C-C800-4495-9F92-C622FF2EA5E1}.Release|x64.ActiveCfg = Release|x64
		{C073AA3C-C800-4495-9F92-C622FF2EA5E1}.Release|x64.Build.0 = Release|x64
		{C073AA3C-C800-4495-9F92-C622FF2EA5E1}.Release|x86.ActiveCfg = Release|Win32
		{C073AA3C-C800-4495-9F92-C622FF2EA5E1}.Release|x86.Build.0 = Release|Win32
		{5E640B5D-294A-4795-BE3F-58076BD28B7B}.Debug|x64.ActiveCfg = Debug|x64
		{5E640B5D-294A-4795-BE3F-58076BD28B7B}.Debug|x64.Build.0 = Debug|x64
		{5E640B5D-294A-4795-BE3F-58076BD28B7B}.Debug|x86.ActiveCfg = Debug|Win32
		{5E640B5D-294A-4795-BE3F-58076BD28B7B}.Debug|x86.Build.0 = Debug|Win32
		{5E640B5D-294A-4795-BE3F-58076BD28B7B}.Release|x64.ActiveCfg = Release|x64
		{5E640B5D-294A-4795-BE3F-58076BD28B7B}.Release|x64.Build.0 = Release|x64
		{5E640B5D-294A-4795-BE3F-58076BD28B7B}.Release|x86.ActiveCfg = Release|Win32
		{5E640B5D-294A-4795-BE3F-58076BD28B7B}.Release|x86.Build.0 = Release|Win32
		{A5095433-A0C7-4205-AD5B-82A5C09DE805}.Debug|x64.ActiveCfg = Debug|x64
		{A5095433-A0C7-4205-AD5B-82A5C09DE805}.Debug|x64.Build.0 = Debug|x64
		{A5095433-A0C7-4205-AD5B-82A5C09DE805}.Debug|x86.ActiveCfg = Debug|Win32
		{A5095433-A0C7-4205-AD5B-82A5C09DE805}.Debug|x86.Build.0 = Debug|Win32
		{A5095433-A0C7-4205-AD5B-82A5C09DE805}.Release|x64.ActiveCfg = Release|x64
		{A5095433-A0C7-4205-AD5B-82A5C09DE805}.Release|x64.Build.0 = Release|x64
		{A5095433-A0C7-4205-AD5B-82A5C09DE805}.Release|x86.ActiveCfg = Release|Win32
		{A5095433-A0C7-4205-AD5B-82A5C09DE805}.Release|x86.Build.0 = Release|Win32
		{73516EE2-C331-4AD4-AF38-A51397C94E06}.Debug|x64.ActiveCfg = Debug|x64
		{73516EE2-C331-4AD4-AF38-A51397C94E06}.Debug|x64.Build.0 = Debug|x64
		{73516EE2-C331-4AD4-AF38-A51397C94E06}.Debug|x86.ActiveCfg = Debug|Win32
		{73516EE2-C331-4AD4-AF38-A51397C94E06}.Debug|x86.Build.0 = Debug|Win32
		{73516EE2-C331-4AD4-AF38-A51397C94E06}.Release|x64.ActiveCfg = Release|x64
		{73516EE2-C331-4AD4-AF38-A51397C94E06}.Release|x64.Build.0 = Release|x64
		{73516EE2-C331-4AD4-AF38-A51397C94E06}.Release|x86.ActiveCfg = Release|Win32
		{73516EE2-C331-4AD4-AF38-A51397C94E06}.Release|x86.Build.0 = Release|Win32
		{12CA8666-2127-476E-B536-CB51F8BB6FCE}.Debug|x64.ActiveCfg = Debug|x64
		{12CA8666-2127-476E-B536-CB51F8BB6FCE}.Debug|x64.Build.0 = Debug|x64
		{12CA8666-2127-476E-B536-CB51F8BB6FCE}.Debug|x86.ActiveCfg = Debug|Win32
		{12CA8666-2127-476E-B536-CB51F8BB6FCE}.Debug|x86.Build.0 = Debug|Win32
		{12CA8666-2127-476E-B536-CB51F8BB6FCE}.Release|x64.ActiveCfg = Release|x64
		{12CA8666-2127-476E-B536-CB51F8BB6FCE}.Release|x64.Build.0 = Release|x64
		{12CA8666-2127-476E-B536-CB51F8BB6FCE}.Release|x86.ActiveCfg = Release|Win32
		{12CA8666-2127-476E-B536-CB51F8BB6FCE}.Release|x86.Build.0 = Release|Win32
		{40789A6F-3BFC-454D-B73D-9C5DEBB37D24}.Debug|x64.ActiveCfg = Debug|x64
		{40789A6F-3BFC-454D-B73D-9C5DEBB37D24}.Debug|x64.Build.0 = Debug|x64
		{40789A6F-3BFC-454D-B73D-9C5DEBB37D24}.Debug|x86.ActiveCfg = Debug|Win32
		{40789A6F-3BFC-454D-B73D-9C5DEBB37D24}.Debug|x86.Build.0 = Debug|Win32
		{40789A6F-3BFC-454D-B73D-9C5DEBB37D24}.Release|x64.ActiveCfg = Release|x64
		{40789A6F-3BFC-454D-B73D-9C5DEBB37D24}.Release|x64.Build.0 = Release|x64
		{40789A6F-3BFC-454D-B73D-9C5DEBB37D24}.Release|x86.ActiveCfg = Release|Win32
		{40789A6F-3BFC-454D-B73D-9C5DEBB37D24}.Release|x86.Build.0 = Release|Win32
		{86E46A3C-608F-4DB3-B77B-B70A57B6A2E8}.Debug|x64.ActiveCfg = Debug|x64
		{86E46A3C-608F-4DB3-B77B-B70A57B6A2E8}.Debug|x64.Build.0 = Debug|x64
		{86E46A3C-608F-4DB3-B77B-B70A57B6A2E8}.Debug|x86.ActiveCfg = Debug|Win32
		{86E46A3C-608F-4DB3-B77B-B70A57B6A2E8}.Debug|x86.Build.0 = Debug|Win32
		{86E46A3C-608F-4DB3-B77B-B70A57B6A2E8}.Release|x64.ActiveCfg = Release|x64
		{86E46A3C-608F-4DB3-B77B-B70A57B6A2E8}.Release|x64.Build.0 = Release|x64
		{86E46A3C-608F-4DB3-B77B-B70A57B6A2E8}.Release|x86.ActiveCfg = Release|Win32
		{86E46A3C-608F-4DB3-B77B-B70A57B6A2E8}.Release|x86.Build.0 = Release|Win32
		{821E505C-B13B-4EA2-8FA3-DDEE6D2D5B1D}.Debug|x64.ActiveCfg = Debug|x64
		{821E505C-B13B-4EA2-8FA3-DDEE6D2D5B1D}.Debug|x86.ActiveCfg = Debug|Win32
		{821E505C-B13B-4EA2-8FA3-DDEE6D2D5B1D}.Debug|x86.Build.0 = Debug|Win32
		{821E505C-B13B-4EA2-8FA3-DDEE6D2D5B1D}.Release|x64.ActiveCfg = Release|x64
		{821E505C-B13B-4EA2-8FA3-DDEE6D2D5B1D}.Release|x86.ActiveCfg = Release|Win32
		{821E505C-B13B-4EA2-8FA3-DDEE6D2D5B1D}.Release|x86.Build.0 = Release|Win32
		{F9C71CA5-AE92-4EF9-A46F-35E3B662F6BC}.Debug|x64.ActiveCfg = Debug|x64
		{F9C71CA5-AE92-4EF9-A46F-35E3B662F6BC}.Debug|x64.Build.0 = Debug|x64
		{F9C71CA5-AE92-4EF9-A46F-35E3B662F6BC}.Debug|x86.ActiveCfg = Debug|Win32
		{F9C71CA5-AE92-4EF9-A46F-35E3B662F6BC}.Debug|x86.Build.0 = Debug|Win32
		{F9C71CA5-AE92-4EF9-A46F-35E3B662F6BC}.Release|x64.ActiveCfg = Release|x64
		{F9C71CA5-AE92-4EF9-A46F-35E3B662F6BC}.Release|x64.Build.0 = Release|x64
		{F9C71CA5-AE92-4EF9-A46F-35E3B662F6BC}.Release|x86.ActiveCfg = Release|Win32
		{F9C71CA5-AE92-4EF9-A46F-35E3B662F6BC}.Release|x86.Build.0 = Release|Win32
		{C4619626-CA66-4B6D-AF6B-AF66EF2563DD}.Debug|x64.ActiveCfg = Debug|x64
		{C4619626-CA66-4B6D-AF6B-AF66EF2563DD}.Debug|x64.Build.0 = Debug|x64
		{C4619626-CA66-4B6D-AF6B-AF66EF2563DD}.Debug|x86.ActiveCfg = Debug|Win32
		{C4619626-CA66-4B6D-AF6B-AF66EF2563DD}.Debug|x86.Build.0 = Debug|Win32
		{C4619626-CA66-4B6D-AF6B-AF66EF2563DD}.Release|x64.ActiveCfg = Release|x64
		{C4619626-CA66-4B6D-AF6B-AF66EF2563DD}.Release|x64.Build.0 = Release|x64
		{C4619626-CA66-4B6D-AF6B-AF66EF2563DD}.Release|x86.ActiveCfg = Release|Win32
		{C4619626-CA66-4B6D-AF6B-AF66EF2563DD}.Release|x86.Build.0 = Release|Win32
		{AD5FF729-F2C5-4197-9CAF-17B6312BB369}.Debug|x64.ActiveCfg = Debug|x64
		{AD5FF729-F2C5-4197-9CAF-17B6312BB369}.Debug|x64.Build.0 = Debug|x64
		{AD5FF729-F2C5-4197-9CAF-17B6312BB369}.Debug|x86.ActiveCfg = Debug|Win32
		{AD5FF729-F2C5-4197-9CAF-17B6312BB369}.Debug|x86.Build.0 = Debug|Win32
		{AD5FF729-F2C5-4197-9CAF-17B6312BB369}.Release|x64.ActiveCfg = Release|x64
		{AD5FF729-F2C5-4197-9CAF-17B6312BB369}.Release|x64.Build.0 = Release|x64
		{AD5FF729-F2C5-4197-9CAF-17B6312BB369}.Release|x86.ActiveCfg = Release|Win32
		{AD5FF729-F2C5-4197-9CAF-17B6312BB369}.Release|x86.Build.0 = Release|Win32
		{D59FA2EB-8C38-473B-B762-DA5B05140E1D}.Debug|x64.ActiveCfg = Debug|x64
		{D59FA2EB-8C38-473B-B762-DA5B05140E1D}.Debug|x64.Build.0 = Debug|x64
		{D59FA2EB-8C38-473B-B762-DA5B05140E1D}.Debug|x86.ActiveCfg = Debug|Win32
		{D59FA2EB-8C38-473B-B762-DA5B05140E1D}.Debug|x86.Build.0 = Debug|Win32
		{D59FA2EB-8C38-473B-B762-DA5B05140E1D}.Release|x64.ActiveCfg = Release|x64
		{D59FA2EB-8C38-473B-B762-DA5B05140E1D}.Release|x64.Build.0 = Release|x64
		{D59FA2EB-8C38-473B-B762-DA5B05140E1D}.Release|x86.ActiveCfg = Release|Win32
		{D59FA2EB-8C38-473B-B762-DA5B05140E1D}.Release|x86.Build.0 = Release|Win32
	EndGlobalSection
	GlobalSection(SolutionProperties) = preSolution
		HideSolutionNode = FALSE
	EndGlobalSection
	GlobalSection(NestedProjects) = preSolution
		{FA0FB4E2-DCCE-484C-9206-653823C8F8DA} = {92C21309-1E57-4965-A8EC-C4BE868DA1B6}
		{43657592-EB97-4A5E-A727-A9D4D9EC8E4D} = {4A442E18-2366-468E-ABC3-35DFA10ED6AF}
		{D56A49FB-C803-4D7E-A037-7BFEF69CB329} = {4A442E18-2366-468E-ABC3-35DFA10ED6AF}
		{48792CEB-F23F-4184-BB44-29A206D8CD05} = {4A442E18-2366-468E-ABC3-35DFA10ED6AF}
		{C073AA3C-C800-4495-9F92-C622FF2EA5E1} = {4A442E18-2366-468E-ABC3-35DFA10ED6AF}
		{5E640B5D-294A-4795-BE3F-58076BD28B7B} = {4A442E18-2366-468E-ABC3-35DFA10ED6AF}
		{A5095433-A0C7-4205-AD5B-82A5C09DE805} = {4A442E18-2366-468E-ABC3-35DFA10ED6AF}
		{73516EE2-C331-4AD4-AF38-A51397C94E06} = {4A442E18-2366-468E-ABC3-35DFA10ED6AF}
		{12CA8666-2127-476E-B536-CB51F8BB6FCE} = {2158CF78-B9A0-4AA8-9501-CA7ED75D0673}
		{40789A6F-3BFC-454D-B73D-9C5DEBB37D24} = {2158CF78-B9A0-4AA8-9501-CA7ED75D0673}
		{86E46A3C-608F-4DB3-B77B-B70A57B6A2E8} = {92C21309-1E57-4965-A8EC-C4BE868DA1B6}
		{821E505C-B13B-4EA2-8FA3-DDEE6D2D5B1D} = {EE8DBE7D-1C1F-4B50-80BA-B01501A3BF1A}
		{F9C71CA5-AE92-4EF9-A46F-35E3B662F6BC} = {4A442E18-2366-468E-ABC3-35DFA10ED6AF}
		{C4619626-CA66-4B6D-AF6B-AF66EF2563DD} = {4A442E18-2366-468E-ABC3-35DFA10ED6AF}
		{AD5FF729-F2C5-4197-9CAF-17B6312BB369} = {EE8DBE7D-1C1F-4B50-80BA-B01501A3BF1A}
		{D59FA2EB-8C38-473B-B762-DA5B05140E1D} = {EE8DBE7D-1C1F-4B50-80BA-B01501A3BF1A}
	EndGlobalSection
EndGlobal
