<?xml version="1.0" encoding="utf-8"?>
<Project ToolsVersion="4.0" xmlns="http://schemas.microsoft.com/developer/msbuild/2003">
  <ItemGroup>
    <ClInclude Include="UserOutput.h" />
  </ItemGroup>
  <ItemGroup>
    <Filter Include="Windows">
      <UniqueIdentifier>{80500091-1260-445f-9f64-0bb777e622a5}</UniqueIdentifier>
    </Filter>
  </ItemGroup>
  <ItemGroup>
    <ClCompile Include="Windows\UserOutput.win.cpp">
      <Filter>Windows</Filter>
    </ClCompile>
  </ItemGroup>
</Project>